
Microsoft Visual Studio Solution File, Format Version 12.00
# Visual Studio 15
VisualStudioVersion = 15.0.26124.0
MinimumVisualStudioVersion = 15.0.26124.0
Project("{FAE04EC0-301F-11D3-BF4B-00C04F79EFBC}") = "API", "API\API.csproj", "{CA5FB62A-076D-45DB-A680-C0D6C64B9097}"
EndProject
Project("{FAE04EC0-301F-11D3-BF4B-00C04F79EFBC}") = "Application", "Application\Application.csproj", "{AD59E21B-670E-41E8-B352-0A38BBC193D1}"
EndProject
Project("{FAE04EC0-301F-11D3-BF4B-00C04F79EFBC}") = "Persistence", "Persistence\Persistence.csproj", "{026906C8-7BCE-4621-B0AC-35DCBE3B5DA1}"
EndProject
Project("{FAE04EC0-301F-11D3-BF4B-00C04F79EFBC}") = "Domain", "Domain\Domain.csproj", "{EDF12043-46FC-4250-B50A-E8CFD1A1D398}"
EndProject
Global
	GlobalSection(SolutionConfigurationPlatforms) = preSolution
		Debug|Any CPU = Debug|Any CPU
		Debug|x64 = Debug|x64
		Debug|x86 = Debug|x86
		Release|Any CPU = Release|Any CPU
		Release|x64 = Release|x64
		Release|x86 = Release|x86
	EndGlobalSection
	GlobalSection(SolutionProperties) = preSolution
		HideSolutionNode = FALSE
	EndGlobalSection
	GlobalSection(ProjectConfigurationPlatforms) = postSolution
		{CA5FB62A-076D-45DB-A680-C0D6C64B9097}.Debug|Any CPU.ActiveCfg = Debug|Any CPU
		{CA5FB62A-076D-45DB-A680-C0D6C64B9097}.Debug|Any CPU.Build.0 = Debug|Any CPU
		{CA5FB62A-076D-45DB-A680-C0D6C64B9097}.Debug|x64.ActiveCfg = Debug|Any CPU
		{CA5FB62A-076D-45DB-A680-C0D6C64B9097}.Debug|x64.Build.0 = Debug|Any CPU
		{CA5FB62A-076D-45DB-A680-C0D6C64B9097}.Debug|x86.ActiveCfg = Debug|Any CPU
		{CA5FB62A-076D-45DB-A680-C0D6C64B9097}.Debug|x86.Build.0 = Debug|Any CPU
		{CA5FB62A-076D-45DB-A680-C0D6C64B9097}.Release|Any CPU.ActiveCfg = Release|Any CPU
		{CA5FB62A-076D-45DB-A680-C0D6C64B9097}.Release|Any CPU.Build.0 = Release|Any CPU
		{CA5FB62A-076D-45DB-A680-C0D6C64B9097}.Release|x64.ActiveCfg = Release|Any CPU
		{CA5FB62A-076D-45DB-A680-C0D6C64B9097}.Release|x64.Build.0 = Release|Any CPU
		{CA5FB62A-076D-45DB-A680-C0D6C64B9097}.Release|x86.ActiveCfg = Release|Any CPU
		{CA5FB62A-076D-45DB-A680-C0D6C64B9097}.Release|x86.Build.0 = Release|Any CPU
		{AD59E21B-670E-41E8-B352-0A38BBC193D1}.Debug|Any CPU.ActiveCfg = Debug|Any CPU
		{AD59E21B-670E-41E8-B352-0A38BBC193D1}.Debug|Any CPU.Build.0 = Debug|Any CPU
		{AD59E21B-670E-41E8-B352-0A38BBC193D1}.Debug|x64.ActiveCfg = Debug|Any CPU
		{AD59E21B-670E-41E8-B352-0A38BBC193D1}.Debug|x64.Build.0 = Debug|Any CPU
		{AD59E21B-670E-41E8-B352-0A38BBC193D1}.Debug|x86.ActiveCfg = Debug|Any CPU
		{AD59E21B-670E-41E8-B352-0A38BBC193D1}.Debug|x86.Build.0 = Debug|Any CPU
		{AD59E21B-670E-41E8-B352-0A38BBC193D1}.Release|Any CPU.ActiveCfg = Release|Any CPU
		{AD59E21B-670E-41E8-B352-0A38BBC193D1}.Release|Any CPU.Build.0 = Release|Any CPU
		{AD59E21B-670E-41E8-B352-0A38BBC193D1}.Release|x64.ActiveCfg = Release|Any CPU
		{AD59E21B-670E-41E8-B352-0A38BBC193D1}.Release|x64.Build.0 = Release|Any CPU
		{AD59E21B-670E-41E8-B352-0A38BBC193D1}.Release|x86.ActiveCfg = Release|Any CPU
		{AD59E21B-670E-41E8-B352-0A38BBC193D1}.Release|x86.Build.0 = Release|Any CPU
		{026906C8-7BCE-4621-B0AC-35DCBE3B5DA1}.Debug|Any CPU.ActiveCfg = Debug|Any CPU
		{026906C8-7BCE-4621-B0AC-35DCBE3B5DA1}.Debug|Any CPU.Build.0 = Debug|Any CPU
		{026906C8-7BCE-4621-B0AC-35DCBE3B5DA1}.Debug|x64.ActiveCfg = Debug|Any CPU
		{026906C8-7BCE-4621-B0AC-35DCBE3B5DA1}.Debug|x64.Build.0 = Debug|Any CPU
		{026906C8-7BCE-4621-B0AC-35DCBE3B5DA1}.Debug|x86.ActiveCfg = Debug|Any CPU
		{026906C8-7BCE-4621-B0AC-35DCBE3B5DA1}.Debug|x86.Build.0 = Debug|Any CPU
		{026906C8-7BCE-4621-B0AC-35DCBE3B5DA1}.Release|Any CPU.ActiveCfg = Release|Any CPU
		{026906C8-7BCE-4621-B0AC-35DCBE3B5DA1}.Release|Any CPU.Build.0 = Release|Any CPU
		{026906C8-7BCE-4621-B0AC-35DCBE3B5DA1}.Release|x64.ActiveCfg = Release|Any CPU
		{026906C8-7BCE-4621-B0AC-35DCBE3B5DA1}.Release|x64.Build.0 = Release|Any CPU
		{026906C8-7BCE-4621-B0AC-35DCBE3B5DA1}.Release|x86.ActiveCfg = Release|Any CPU
		{026906C8-7BCE-4621-B0AC-35DCBE3B5DA1}.Release|x86.Build.0 = Release|Any CPU
		{EDF12043-46FC-4250-B50A-E8CFD1A1D398}.Debug|Any CPU.ActiveCfg = Debug|Any CPU
		{EDF12043-46FC-4250-B50A-E8CFD1A1D398}.Debug|Any CPU.Build.0 = Debug|Any CPU
		{EDF12043-46FC-4250-B50A-E8CFD1A1D398}.Debug|x64.ActiveCfg = Debug|Any CPU
		{EDF12043-46FC-4250-B50A-E8CFD1A1D398}.Debug|x64.Build.0 = Debug|Any CPU
		{EDF12043-46FC-4250-B50A-E8CFD1A1D398}.Debug|x86.ActiveCfg = Debug|Any CPU
		{EDF12043-46FC-4250-B50A-E8CFD1A1D398}.Debug|x86.Build.0 = Debug|Any CPU
		{EDF12043-46FC-4250-B50A-E8CFD1A1D398}.Release|Any CPU.ActiveCfg = Release|Any CPU
		{EDF12043-46FC-4250-B50A-E8CFD1A1D398}.Release|Any CPU.Build.0 = Release|Any CPU
		{EDF12043-46FC-4250-B50A-E8CFD1A1D398}.Release|x64.ActiveCfg = Release|Any CPU
		{EDF12043-46FC-4250-B50A-E8CFD1A1D398}.Release|x64.Build.0 = Release|Any CPU
		{EDF12043-46FC-4250-B50A-E8CFD1A1D398}.Release|x86.ActiveCfg = Release|Any CPU
		{EDF12043-46FC-4250-B50A-E8CFD1A1D398}.Release|x86.Build.0 = Release|Any CPU
	EndGlobalSection
EndGlobal
